// !$*UTF8*$!
{
	archiveVersion = 1;
	classes = {
	};
	objectVersion = 56;
	objects = {

/* Begin PBXBuildFile section */
		E872546528D75590002AD9C2 /* AppDelegate.swift in Sources */ = {isa = PBXBuildFile; fileRef = E872546428D75590002AD9C2 /* AppDelegate.swift */; };
		E872546728D75590002AD9C2 /* SceneDelegate.swift in Sources */ = {isa = PBXBuildFile; fileRef = E872546628D75590002AD9C2 /* SceneDelegate.swift */; };
		E872546928D75590002AD9C2 /* HomeViewController.swift in Sources */ = {isa = PBXBuildFile; fileRef = E872546828D75590002AD9C2 /* HomeViewController.swift */; };
		E872546E28D75592002AD9C2 /* Assets.xcassets in Resources */ = {isa = PBXBuildFile; fileRef = E872546D28D75592002AD9C2 /* Assets.xcassets */; };
		E872547128D75592002AD9C2 /* LaunchScreen.storyboard in Resources */ = {isa = PBXBuildFile; fileRef = E872546F28D75592002AD9C2 /* LaunchScreen.storyboard */; };
		E872547928D75652002AD9C2 /* MoviesEndpoint.swift in Sources */ = {isa = PBXBuildFile; fileRef = E872547828D75652002AD9C2 /* MoviesEndpoint.swift */; };
		E872547B28D756B4002AD9C2 /* ContentViewModel.swift in Sources */ = {isa = PBXBuildFile; fileRef = E872547A28D756B4002AD9C2 /* ContentViewModel.swift */; };
		E872547D28D7587E002AD9C2 /* NetworkManager.swift in Sources */ = {isa = PBXBuildFile; fileRef = E872547C28D7587E002AD9C2 /* NetworkManager.swift */; };
		E872547F28D758EF002AD9C2 /* ErrorMessages.swift in Sources */ = {isa = PBXBuildFile; fileRef = E872547E28D758EF002AD9C2 /* ErrorMessages.swift */; };
		E872548828D7656D002AD9C2 /* TabBarController.swift in Sources */ = {isa = PBXBuildFile; fileRef = E872548728D7656D002AD9C2 /* TabBarController.swift */; };
		E872548A28D765DD002AD9C2 /* FavoritesViewController.swift in Sources */ = {isa = PBXBuildFile; fileRef = E872548928D765DD002AD9C2 /* FavoritesViewController.swift */; };
		E872548D28D767FB002AD9C2 /* HomeViewCell.swift in Sources */ = {isa = PBXBuildFile; fileRef = E872548C28D767FB002AD9C2 /* HomeViewCell.swift */; };
		E872549128D7688C002AD9C2 /* Poster.swift in Sources */ = {isa = PBXBuildFile; fileRef = E872549028D7688C002AD9C2 /* Poster.swift */; };
		E872549428D76A6A002AD9C2 /* DetailsViewController.swift in Sources */ = {isa = PBXBuildFile; fileRef = E872549328D76A6A002AD9C2 /* DetailsViewController.swift */; };
		E872549628D76ABF002AD9C2 /* DetailsTableViewCell.swift in Sources */ = {isa = PBXBuildFile; fileRef = E872549528D76ABF002AD9C2 /* DetailsTableViewCell.swift */; };
		E872549828D77949002AD9C2 /* Extensions+.swift in Sources */ = {isa = PBXBuildFile; fileRef = E872549728D77949002AD9C2 /* Extensions+.swift */; };
		E872549B28D782D4002AD9C2 /* Main.storyboard in Resources */ = {isa = PBXBuildFile; fileRef = E872549A28D782D4002AD9C2 /* Main.storyboard */; };
/* End PBXBuildFile section */

/* Begin PBXFileReference section */
		E872546128D75590002AD9C2 /* MovieManager.app */ = {isa = PBXFileReference; explicitFileType = wrapper.application; includeInIndex = 0; path = MovieManager.app; sourceTree = BUILT_PRODUCTS_DIR; };
		E872546428D75590002AD9C2 /* AppDelegate.swift */ = {isa = PBXFileReference; lastKnownFileType = sourcecode.swift; path = AppDelegate.swift; sourceTree = "<group>"; };
		E872546628D75590002AD9C2 /* SceneDelegate.swift */ = {isa = PBXFileReference; lastKnownFileType = sourcecode.swift; path = SceneDelegate.swift; sourceTree = "<group>"; };
		E872546828D75590002AD9C2 /* HomeViewController.swift */ = {isa = PBXFileReference; lastKnownFileType = sourcecode.swift; path = HomeViewController.swift; sourceTree = "<group>"; };
		E872546D28D75592002AD9C2 /* Assets.xcassets */ = {isa = PBXFileReference; lastKnownFileType = folder.assetcatalog; path = Assets.xcassets; sourceTree = "<group>"; };
		E872547028D75592002AD9C2 /* Base */ = {isa = PBXFileReference; lastKnownFileType = file.storyboard; name = Base; path = Base.lproj/LaunchScreen.storyboard; sourceTree = "<group>"; };
		E872547228D75592002AD9C2 /* Info.plist */ = {isa = PBXFileReference; lastKnownFileType = text.plist.xml; path = Info.plist; sourceTree = "<group>"; };
		E872547828D75652002AD9C2 /* MoviesEndpoint.swift */ = {isa = PBXFileReference; lastKnownFileType = sourcecode.swift; path = MoviesEndpoint.swift; sourceTree = "<group>"; };
		E872547A28D756B4002AD9C2 /* ContentViewModel.swift */ = {isa = PBXFileReference; lastKnownFileType = sourcecode.swift; path = ContentViewModel.swift; sourceTree = "<group>"; };
		E872547C28D7587E002AD9C2 /* NetworkManager.swift */ = {isa = PBXFileReference; lastKnownFileType = sourcecode.swift; path = NetworkManager.swift; sourceTree = "<group>"; };
		E872547E28D758EF002AD9C2 /* ErrorMessages.swift */ = {isa = PBXFileReference; lastKnownFileType = sourcecode.swift; path = ErrorMessages.swift; sourceTree = "<group>"; };
		E872548728D7656D002AD9C2 /* TabBarController.swift */ = {isa = PBXFileReference; lastKnownFileType = sourcecode.swift; path = TabBarController.swift; sourceTree = "<group>"; };
		E872548928D765DD002AD9C2 /* FavoritesViewController.swift */ = {isa = PBXFileReference; lastKnownFileType = sourcecode.swift; path = FavoritesViewController.swift; sourceTree = "<group>"; };
		E872548C28D767FB002AD9C2 /* HomeViewCell.swift */ = {isa = PBXFileReference; lastKnownFileType = sourcecode.swift; path = HomeViewCell.swift; sourceTree = "<group>"; };
		E872549028D7688C002AD9C2 /* Poster.swift */ = {isa = PBXFileReference; fileEncoding = 4; lastKnownFileType = sourcecode.swift; path = Poster.swift; sourceTree = "<group>"; };
		E872549328D76A6A002AD9C2 /* DetailsViewController.swift */ = {isa = PBXFileReference; fileEncoding = 4; lastKnownFileType = sourcecode.swift; path = DetailsViewController.swift; sourceTree = "<group>"; };
		E872549528D76ABF002AD9C2 /* DetailsTableViewCell.swift */ = {isa = PBXFileReference; fileEncoding = 4; lastKnownFileType = sourcecode.swift; path = DetailsTableViewCell.swift; sourceTree = "<group>"; };
		E872549728D77949002AD9C2 /* Extensions+.swift */ = {isa = PBXFileReference; fileEncoding = 4; lastKnownFileType = sourcecode.swift; path = "Extensions+.swift"; sourceTree = "<group>"; };
		E872549A28D782D4002AD9C2 /* Main.storyboard */ = {isa = PBXFileReference; fileEncoding = 4; lastKnownFileType = file.storyboard; path = Main.storyboard; sourceTree = "<group>"; };
/* End PBXFileReference section */

/* Begin PBXFrameworksBuildPhase section */
		E872545E28D75590002AD9C2 /* Frameworks */ = {
			isa = PBXFrameworksBuildPhase;
			buildActionMask = 2147483647;
			files = (
			);
			runOnlyForDeploymentPostprocessing = 0;
		};
/* End PBXFrameworksBuildPhase section */

/* Begin PBXGroup section */
		E872545828D75590002AD9C2 = {
			isa = PBXGroup;
			children = (
				E872546328D75590002AD9C2 /* MovieManager */,
				E872546228D75590002AD9C2 /* Products */,
			);
			sourceTree = "<group>";
		};
		E872546228D75590002AD9C2 /* Products */ = {
			isa = PBXGroup;
			children = (
				E872546128D75590002AD9C2 /* MovieManager.app */,
			);
			name = Products;
			sourceTree = "<group>";
		};
		E872546328D75590002AD9C2 /* MovieManager */ = {
			isa = PBXGroup;
			children = (
				E872549A28D782D4002AD9C2 /* Main.storyboard */,
				E872546F28D75592002AD9C2 /* LaunchScreen.storyboard */,
				E872549928D77955002AD9C2 /* Utilities */,
				E872548628D76551002AD9C2 /* Navigation */,
				E872547228D75592002AD9C2 /* Info.plist */,
				E872548528D76505002AD9C2 /* Screens */,
				E872548428D764C5002AD9C2 /* Resources */,
				E872548328D764AA002AD9C2 /* Model */,
				E872548128D76476002AD9C2 /* ContentViewModel */,
				E872548228D7648D002AD9C2 /* Services */,
			);
			path = MovieManager;
			sourceTree = "<group>";
		};
		E872548128D76476002AD9C2 /* ContentViewModel */ = {
			isa = PBXGroup;
			children = (
				E872547A28D756B4002AD9C2 /* ContentViewModel.swift */,
			);
			path = ContentViewModel;
			sourceTree = "<group>";
		};
		E872548228D7648D002AD9C2 /* Services */ = {
			isa = PBXGroup;
			children = (
				E872547E28D758EF002AD9C2 /* ErrorMessages.swift */,
				E872547C28D7587E002AD9C2 /* NetworkManager.swift */,
			);
			path = Services;
			sourceTree = "<group>";
		};
		E872548328D764AA002AD9C2 /* Model */ = {
			isa = PBXGroup;
			children = (
				E872547828D75652002AD9C2 /* MoviesEndpoint.swift */,
			);
			path = Model;
			sourceTree = "<group>";
		};
		E872548428D764C5002AD9C2 /* Resources */ = {
			isa = PBXGroup;
			children = (
				E872546428D75590002AD9C2 /* AppDelegate.swift */,
				E872546628D75590002AD9C2 /* SceneDelegate.swift */,
				E872546D28D75592002AD9C2 /* Assets.xcassets */,
			);
			path = Resources;
			sourceTree = "<group>";
		};
		E872548528D76505002AD9C2 /* Screens */ = {
			isa = PBXGroup;
			children = (
				E872548E28D76868002AD9C2 /* Cells */,
				E872548B28D767DE002AD9C2 /* Views */,
				E872549228D76A4C002AD9C2 /* Controllers */,
			);
			path = Screens;
			sourceTree = "<group>";
		};
		E872548628D76551002AD9C2 /* Navigation */ = {
			isa = PBXGroup;
			children = (
				E872548728D7656D002AD9C2 /* TabBarController.swift */,
			);
			path = Navigation;
			sourceTree = "<group>";
		};
		E872548B28D767DE002AD9C2 /* Views */ = {
			isa = PBXGroup;
			children = (
				E872548F28D7686D002AD9C2 /* ReusableViews */,
			);
			path = Views;
			sourceTree = "<group>";
		};
		E872548E28D76868002AD9C2 /* Cells */ = {
			isa = PBXGroup;
			children = (
				E872549528D76ABF002AD9C2 /* DetailsTableViewCell.swift */,
				E872548C28D767FB002AD9C2 /* HomeViewCell.swift */,
			);
			path = Cells;
			sourceTree = "<group>";
		};
		E872548F28D7686D002AD9C2 /* ReusableViews */ = {
			isa = PBXGroup;
			children = (
				E872549028D7688C002AD9C2 /* Poster.swift */,
			);
			path = ReusableViews;
			sourceTree = "<group>";
		};
		E872549228D76A4C002AD9C2 /* Controllers */ = {
			isa = PBXGroup;
			children = (
				E872546828D75590002AD9C2 /* HomeViewController.swift */,
				E872548928D765DD002AD9C2 /* FavoritesViewController.swift */,
				E872549328D76A6A002AD9C2 /* DetailsViewController.swift */,
			);
			path = Controllers;
			sourceTree = "<group>";
		};
		E872549928D77955002AD9C2 /* Utilities */ = {
			isa = PBXGroup;
			children = (
				E872549728D77949002AD9C2 /* Extensions+.swift */,
			);
			path = Utilities;
			sourceTree = "<group>";
		};
/* End PBXGroup section */

/* Begin PBXNativeTarget section */
		E872546028D75590002AD9C2 /* MovieManager */ = {
			isa = PBXNativeTarget;
			buildConfigurationList = E872547528D75592002AD9C2 /* Build configuration list for PBXNativeTarget "MovieManager" */;
			buildPhases = (
				E872545D28D75590002AD9C2 /* Sources */,
				E872545E28D75590002AD9C2 /* Frameworks */,
				E872545F28D75590002AD9C2 /* Resources */,
			);
			buildRules = (
			);
			dependencies = (
			);
			name = MovieManager;
			productName = MovieManager;
			productReference = E872546128D75590002AD9C2 /* MovieManager.app */;
			productType = "com.apple.product-type.application";
		};
/* End PBXNativeTarget section */

/* Begin PBXProject section */
		E872545928D75590002AD9C2 /* Project object */ = {
			isa = PBXProject;
			attributes = {
				BuildIndependentTargetsInParallel = 1;
				LastSwiftUpdateCheck = 1400;
				LastUpgradeCheck = 1400;
				TargetAttributes = {
					E872546028D75590002AD9C2 = {
						CreatedOnToolsVersion = 14.0;
					};
				};
			};
			buildConfigurationList = E872545C28D75590002AD9C2 /* Build configuration list for PBXProject "MovieManager" */;
			compatibilityVersion = "Xcode 14.0";
			developmentRegion = en;
			hasScannedForEncodings = 0;
			knownRegions = (
				en,
				Base,
			);
			mainGroup = E872545828D75590002AD9C2;
			productRefGroup = E872546228D75590002AD9C2 /* Products */;
			projectDirPath = "";
			projectRoot = "";
			targets = (
				E872546028D75590002AD9C2 /* MovieManager */,
			);
		};
/* End PBXProject section */

/* Begin PBXResourcesBuildPhase section */
		E872545F28D75590002AD9C2 /* Resources */ = {
			isa = PBXResourcesBuildPhase;
			buildActionMask = 2147483647;
			files = (
				E872549B28D782D4002AD9C2 /* Main.storyboard in Resources */,
				E872547128D75592002AD9C2 /* LaunchScreen.storyboard in Resources */,
				E872546E28D75592002AD9C2 /* Assets.xcassets in Resources */,
			);
			runOnlyForDeploymentPostprocessing = 0;
		};
/* End PBXResourcesBuildPhase section */

/* Begin PBXSourcesBuildPhase section */
		E872545D28D75590002AD9C2 /* Sources */ = {
			isa = PBXSourcesBuildPhase;
			buildActionMask = 2147483647;
			files = (
				E872547F28D758EF002AD9C2 /* ErrorMessages.swift in Sources */,
				E872548A28D765DD002AD9C2 /* FavoritesViewController.swift in Sources */,
				E872549628D76ABF002AD9C2 /* DetailsTableViewCell.swift in Sources */,
				E872548828D7656D002AD9C2 /* TabBarController.swift in Sources */,
				E872547D28D7587E002AD9C2 /* NetworkManager.swift in Sources */,
				E872546928D75590002AD9C2 /* HomeViewController.swift in Sources */,
				E872546528D75590002AD9C2 /* AppDelegate.swift in Sources */,
				E872549828D77949002AD9C2 /* Extensions+.swift in Sources */,
				E872546728D75590002AD9C2 /* SceneDelegate.swift in Sources */,
				E872548D28D767FB002AD9C2 /* HomeViewCell.swift in Sources */,
				E872547928D75652002AD9C2 /* MoviesEndpoint.swift in Sources */,
				E872547B28D756B4002AD9C2 /* ContentViewModel.swift in Sources */,
				E872549128D7688C002AD9C2 /* Poster.swift in Sources */,
				E872549428D76A6A002AD9C2 /* DetailsViewController.swift in Sources */,
			);
			runOnlyForDeploymentPostprocessing = 0;
		};
/* End PBXSourcesBuildPhase section */

/* Begin PBXVariantGroup section */
		E872546F28D75592002AD9C2 /* LaunchScreen.storyboard */ = {
			isa = PBXVariantGroup;
			children = (
				E872547028D75592002AD9C2 /* Base */,
			);
			name = LaunchScreen.storyboard;
			sourceTree = "<group>";
		};
/* End PBXVariantGroup section */

/* Begin XCBuildConfiguration section */
		E872547328D75592002AD9C2 /* Debug */ = {
			isa = XCBuildConfiguration;
			buildSettings = {
				ALWAYS_SEARCH_USER_PATHS = NO;
				CLANG_ANALYZER_NONNULL = YES;
				CLANG_ANALYZER_NUMBER_OBJECT_CONVERSION = YES_AGGRESSIVE;
				CLANG_CXX_LANGUAGE_STANDARD = "gnu++20";
				CLANG_ENABLE_MODULES = YES;
				CLANG_ENABLE_OBJC_ARC = YES;
				CLANG_ENABLE_OBJC_WEAK = YES;
				CLANG_WARN_BLOCK_CAPTURE_AUTORELEASING = YES;
				CLANG_WARN_BOOL_CONVERSION = YES;
				CLANG_WARN_COMMA = YES;
				CLANG_WARN_CONSTANT_CONVERSION = YES;
				CLANG_WARN_DEPRECATED_OBJC_IMPLEMENTATIONS = YES;
				CLANG_WARN_DIRECT_OBJC_ISA_USAGE = YES_ERROR;
				CLANG_WARN_DOCUMENTATION_COMMENTS = YES;
				CLANG_WARN_EMPTY_BODY = YES;
				CLANG_WARN_ENUM_CONVERSION = YES;
				CLANG_WARN_INFINITE_RECURSION = YES;
				CLANG_WARN_INT_CONVERSION = YES;
				CLANG_WARN_NON_LITERAL_NULL_CONVERSION = YES;
				CLANG_WARN_OBJC_IMPLICIT_RETAIN_SELF = YES;
				CLANG_WARN_OBJC_LITERAL_CONVERSION = YES;
				CLANG_WARN_OBJC_ROOT_CLASS = YES_ERROR;
				CLANG_WARN_QUOTED_INCLUDE_IN_FRAMEWORK_HEADER = YES;
				CLANG_WARN_RANGE_LOOP_ANALYSIS = YES;
				CLANG_WARN_STRICT_PROTOTYPES = YES;
				CLANG_WARN_SUSPICIOUS_MOVE = YES;
				CLANG_WARN_UNGUARDED_AVAILABILITY = YES_AGGRESSIVE;
				CLANG_WARN_UNREACHABLE_CODE = YES;
				CLANG_WARN__DUPLICATE_METHOD_MATCH = YES;
				COPY_PHASE_STRIP = NO;
				DEBUG_INFORMATION_FORMAT = dwarf;
				ENABLE_STRICT_OBJC_MSGSEND = YES;
				ENABLE_TESTABILITY = YES;
				GCC_C_LANGUAGE_STANDARD = gnu11;
				GCC_DYNAMIC_NO_PIC = NO;
				GCC_NO_COMMON_BLOCKS = YES;
				GCC_OPTIMIZATION_LEVEL = 0;
				GCC_PREPROCESSOR_DEFINITIONS = (
					"DEBUG=1",
					"$(inherited)",
				);
				GCC_WARN_64_TO_32_BIT_CONVERSION = YES;
				GCC_WARN_ABOUT_RETURN_TYPE = YES_ERROR;
				GCC_WARN_UNDECLARED_SELECTOR = YES;
				GCC_WARN_UNINITIALIZED_AUTOS = YES_AGGRESSIVE;
				GCC_WARN_UNUSED_FUNCTION = YES;
				GCC_WARN_UNUSED_VARIABLE = YES;
				IPHONEOS_DEPLOYMENT_TARGET = 16.0;
				MTL_ENABLE_DEBUG_INFO = INCLUDE_SOURCE;
				MTL_FAST_MATH = YES;
				ONLY_ACTIVE_ARCH = YES;
				SDKROOT = iphoneos;
				SWIFT_ACTIVE_COMPILATION_CONDITIONS = DEBUG;
				SWIFT_OPTIMIZATION_LEVEL = "-Onone";
			};
			name = Debug;
		};
		E872547428D75592002AD9C2 /* Release */ = {
			isa = XCBuildConfiguration;
			buildSettings = {
				ALWAYS_SEARCH_USER_PATHS = NO;
				CLANG_ANALYZER_NONNULL = YES;
				CLANG_ANALYZER_NUMBER_OBJECT_CONVERSION = YES_AGGRESSIVE;
				CLANG_CXX_LANGUAGE_STANDARD = "gnu++20";
				CLANG_ENABLE_MODULES = YES;
				CLANG_ENABLE_OBJC_ARC = YES;
				CLANG_ENABLE_OBJC_WEAK = YES;
				CLANG_WARN_BLOCK_CAPTURE_AUTORELEASING = YES;
				CLANG_WARN_BOOL_CONVERSION = YES;
				CLANG_WARN_COMMA = YES;
				CLANG_WARN_CONSTANT_CONVERSION = YES;
				CLANG_WARN_DEPRECATED_OBJC_IMPLEMENTATIONS = YES;
				CLANG_WARN_DIRECT_OBJC_ISA_USAGE = YES_ERROR;
				CLANG_WARN_DOCUMENTATION_COMMENTS = YES;
				CLANG_WARN_EMPTY_BODY = YES;
				CLANG_WARN_ENUM_CONVERSION = YES;
				CLANG_WARN_INFINITE_RECURSION = YES;
				CLANG_WARN_INT_CONVERSION = YES;
				CLANG_WARN_NON_LITERAL_NULL_CONVERSION = YES;
				CLANG_WARN_OBJC_IMPLICIT_RETAIN_SELF = YES;
				CLANG_WARN_OBJC_LITERAL_CONVERSION = YES;
				CLANG_WARN_OBJC_ROOT_CLASS = YES_ERROR;
				CLANG_WARN_QUOTED_INCLUDE_IN_FRAMEWORK_HEADER = YES;
				CLANG_WARN_RANGE_LOOP_ANALYSIS = YES;
				CLANG_WARN_STRICT_PROTOTYPES = YES;
				CLANG_WARN_SUSPICIOUS_MOVE = YES;
				CLANG_WARN_UNGUARDED_AVAILABILITY = YES_AGGRESSIVE;
				CLANG_WARN_UNREACHABLE_CODE = YES;
				CLANG_WARN__DUPLICATE_METHOD_MATCH = YES;
				COPY_PHASE_STRIP = NO;
				DEBUG_INFORMATION_FORMAT = "dwarf-with-dsym";
				ENABLE_NS_ASSERTIONS = NO;
				ENABLE_STRICT_OBJC_MSGSEND = YES;
				GCC_C_LANGUAGE_STANDARD = gnu11;
				GCC_NO_COMMON_BLOCKS = YES;
				GCC_WARN_64_TO_32_BIT_CONVERSION = YES;
				GCC_WARN_ABOUT_RETURN_TYPE = YES_ERROR;
				GCC_WARN_UNDECLARED_SELECTOR = YES;
				GCC_WARN_UNINITIALIZED_AUTOS = YES_AGGRESSIVE;
				GCC_WARN_UNUSED_FUNCTION = YES;
				GCC_WARN_UNUSED_VARIABLE = YES;
				IPHONEOS_DEPLOYMENT_TARGET = 16.0;
				MTL_ENABLE_DEBUG_INFO = NO;
				MTL_FAST_MATH = YES;
				SDKROOT = iphoneos;
				SWIFT_COMPILATION_MODE = wholemodule;
				SWIFT_OPTIMIZATION_LEVEL = "-O";
				VALIDATE_PRODUCT = YES;
			};
			name = Release;
		};
		E872547628D75592002AD9C2 /* Debug */ = {
			isa = XCBuildConfiguration;
			buildSettings = {
				ASSETCATALOG_COMPILER_APPICON_NAME = AppIcon;
				ASSETCATALOG_COMPILER_GLOBAL_ACCENT_COLOR_NAME = AccentColor;
				CODE_SIGN_STYLE = Automatic;
				CURRENT_PROJECT_VERSION = 1;
				DEVELOPMENT_TEAM = WCYKWTBZ5Q;
				GENERATE_INFOPLIST_FILE = YES;
				INFOPLIST_FILE = MovieManager/Info.plist;
				INFOPLIST_KEY_UIApplicationSupportsIndirectInputEvents = YES;
				INFOPLIST_KEY_UILaunchStoryboardName = LaunchScreen;
				INFOPLIST_KEY_UIMainStoryboardFile = "";
				INFOPLIST_KEY_UISupportedInterfaceOrientations_iPad = "UIInterfaceOrientationPortrait UIInterfaceOrientationPortraitUpsideDown UIInterfaceOrientationLandscapeLeft UIInterfaceOrientationLandscapeRight";
				INFOPLIST_KEY_UISupportedInterfaceOrientations_iPhone = "UIInterfaceOrientationPortrait UIInterfaceOrientationLandscapeLeft UIInterfaceOrientationLandscapeRight";
				LD_RUNPATH_SEARCH_PATHS = (
					"$(inherited)",
					"@executable_path/Frameworks",
				);
				MARKETING_VERSION = 1.0;
				PRODUCT_BUNDLE_IDENTIFIER = com.leandrodiaz.MovieManager;
				PRODUCT_NAME = "$(TARGET_NAME)";
				SWIFT_EMIT_LOC_STRINGS = YES;
				SWIFT_VERSION = 5.0;
				TARGETED_DEVICE_FAMILY = "1,2";
			};
			name = Debug;
		};
		E872547728D75592002AD9C2 /* Release */ = {
			isa = XCBuildConfiguration;
			buildSettings = {
				ASSETCATALOG_COMPILER_APPICON_NAME = AppIcon;
				ASSETCATALOG_COMPILER_GLOBAL_ACCENT_COLOR_NAME = AccentColor;
				CODE_SIGN_STYLE = Automatic;
				CURRENT_PROJECT_VERSION = 1;
				DEVELOPMENT_TEAM = WCYKWTBZ5Q;
				GENERATE_INFOPLIST_FILE = YES;
				INFOPLIST_FILE = MovieManager/Info.plist;
				INFOPLIST_KEY_UIApplicationSupportsIndirectInputEvents = YES;
				INFOPLIST_KEY_UILaunchStoryboardName = LaunchScreen;
				INFOPLIST_KEY_UIMainStoryboardFile = "";
				INFOPLIST_KEY_UISupportedInterfaceOrientations_iPad = "UIInterfaceOrientationPortrait UIInterfaceOrientationPortraitUpsideDown UIInterfaceOrientationLandscapeLeft UIInterfaceOrientationLandscapeRight";
				INFOPLIST_KEY_UISupportedInterfaceOrientations_iPhone = "UIInterfaceOrientationPortrait UIInterfaceOrientationLandscapeLeft UIInterfaceOrientationLandscapeRight";
				LD_RUNPATH_SEARCH_PATHS = (
					"$(inherited)",
					"@executable_path/Frameworks",
				);
				MARKETING_VERSION = 1.0;
				PRODUCT_BUNDLE_IDENTIFIER = com.leandrodiaz.MovieManager;
				PRODUCT_NAME = "$(TARGET_NAME)";
				SWIFT_EMIT_LOC_STRINGS = YES;
				SWIFT_VERSION = 5.0;
				TARGETED_DEVICE_FAMILY = "1,2";
			};
			name = Release;
		};
/* End XCBuildConfiguration section */

/* Begin XCConfigurationList section */
		E872545C28D75590002AD9C2 /* Build configuration list for PBXProject "MovieManager" */ = {
			isa = XCConfigurationList;
			buildConfigurations = (
				E872547328D75592002AD9C2 /* Debug */,
				E872547428D75592002AD9C2 /* Release */,
			);
			defaultConfigurationIsVisible = 0;
			defaultConfigurationName = Release;
		};
		E872547528D75592002AD9C2 /* Build configuration list for PBXNativeTarget "MovieManager" */ = {
			isa = XCConfigurationList;
			buildConfigurations = (
				E872547628D75592002AD9C2 /* Debug */,
				E872547728D75592002AD9C2 /* Release */,
			);
			defaultConfigurationIsVisible = 0;
			defaultConfigurationName = Release;
		};
/* End XCConfigurationList section */
	};
	rootObject = E872545928D75590002AD9C2 /* Project object */;
}
